
Microsoft Visual Studio Solution File, Format Version 12.00
# Visual Studio Version 17
VisualStudioVersion = 17.2.32516.85
MinimumVisualStudioVersion = 10.0.40219.1
Project("{9A19103F-16F7-4668-BE54-9A1E7A4F7556}") = "Lesson01", "CScharp_Level1_Lessons\Lesson01.csproj", "{C1953410-2510-4BF8-ABD2-CEA63D142207}"
EndProject
Project("{9A19103F-16F7-4668-BE54-9A1E7A4F7556}") = "Lesson02", "Lesson02\Lesson02.csproj", "{26C0487D-1B15-4962-B7F9-8DA9F2B7F4DA}"
EndProject
Project("{9A19103F-16F7-4668-BE54-9A1E7A4F7556}") = "Ckenmuk.Test.Library", "Ckenmuk.Test.Library\Ckenmuk.Test.Library.csproj", "{282CE661-8F01-4E50-BF40-22D954365886}"
EndProject
Project("{9A19103F-16F7-4668-BE54-9A1E7A4F7556}") = "Lesson03", "Lesson03\Lesson03.csproj", "{ABC9F9E2-3BB2-4494-96A8-156665AA9087}"
EndProject
Project("{9A19103F-16F7-4668-BE54-9A1E7A4F7556}") = "Lesson04", "Lesson04\Lesson04.csproj", "{CD9BB41C-58A8-4C3B-A3DD-C763FD8FF7C5}"
EndProject
Project("{9A19103F-16F7-4668-BE54-9A1E7A4F7556}") = "Lesson05", "Lesson05\Lesson05.csproj", "{6439E2BA-DE01-4AC0-9F0D-1754C1435687}"
EndProject
Project("{9A19103F-16F7-4668-BE54-9A1E7A4F7556}") = "Lesson06", "Lesson06\Lesson06.csproj", "{2E1F66DE-956E-41FB-9034-DDA1CFA89EBD}"
EndProject
Project("{2150E333-8FDC-42A3-9474-1A3956D46DE8}") = "Solution Items", "Solution Items", "{85F74A60-8E63-44C1-9CB7-E746CA45C2AC}"
	ProjectSection(SolutionItems) = preProject
		.editorconfig = .editorconfig
	EndProjectSection
EndProject
Project("{FAE04EC0-301F-11D3-BF4B-00C04F79EFBC}") = "Lesson07", "Lesson07\Lesson07.csproj", "{93E5A031-CE91-412A-AD35-2D806804DE90}"
EndProject
Project("{FAE04EC0-301F-11D3-BF4B-00C04F79EFBC}") = "Doubler", "Doubler\Doubler.csproj", "{DDE2EDFD-6E49-49D3-8D96-6CD01DEB08BB}"
EndProject
Global
	GlobalSection(SolutionConfigurationPlatforms) = preSolution
		Debug|Any CPU = Debug|Any CPU
		Release|Any CPU = Release|Any CPU
	EndGlobalSection
	GlobalSection(ProjectConfigurationPlatforms) = postSolution
		{C1953410-2510-4BF8-ABD2-CEA63D142207}.Debug|Any CPU.ActiveCfg = Debug|Any CPU
		{C1953410-2510-4BF8-ABD2-CEA63D142207}.Debug|Any CPU.Build.0 = Debug|Any CPU
		{C1953410-2510-4BF8-ABD2-CEA63D142207}.Release|Any CPU.ActiveCfg = Release|Any CPU
		{C1953410-2510-4BF8-ABD2-CEA63D142207}.Release|Any CPU.Build.0 = Release|Any CPU
		{26C0487D-1B15-4962-B7F9-8DA9F2B7F4DA}.Debug|Any CPU.ActiveCfg = Debug|Any CPU
		{26C0487D-1B15-4962-B7F9-8DA9F2B7F4DA}.Debug|Any CPU.Build.0 = Debug|Any CPU
		{26C0487D-1B15-4962-B7F9-8DA9F2B7F4DA}.Release|Any CPU.ActiveCfg = Release|Any CPU
		{26C0487D-1B15-4962-B7F9-8DA9F2B7F4DA}.Release|Any CPU.Build.0 = Release|Any CPU
		{282CE661-8F01-4E50-BF40-22D954365886}.Debug|Any CPU.ActiveCfg = Debug|Any CPU
		{282CE661-8F01-4E50-BF40-22D954365886}.Debug|Any CPU.Build.0 = Debug|Any CPU
		{282CE661-8F01-4E50-BF40-22D954365886}.Release|Any CPU.ActiveCfg = Release|Any CPU
		{282CE661-8F01-4E50-BF40-22D954365886}.Release|Any CPU.Build.0 = Release|Any CPU
		{ABC9F9E2-3BB2-4494-96A8-156665AA9087}.Debug|Any CPU.ActiveCfg = Debug|Any CPU
		{ABC9F9E2-3BB2-4494-96A8-156665AA9087}.Debug|Any CPU.Build.0 = Debug|Any CPU
		{ABC9F9E2-3BB2-4494-96A8-156665AA9087}.Release|Any CPU.ActiveCfg = Release|Any CPU
		{ABC9F9E2-3BB2-4494-96A8-156665AA9087}.Release|Any CPU.Build.0 = Release|Any CPU
		{CD9BB41C-58A8-4C3B-A3DD-C763FD8FF7C5}.Debug|Any CPU.ActiveCfg = Debug|Any CPU
		{CD9BB41C-58A8-4C3B-A3DD-C763FD8FF7C5}.Debug|Any CPU.Build.0 = Debug|Any CPU
		{CD9BB41C-58A8-4C3B-A3DD-C763FD8FF7C5}.Release|Any CPU.ActiveCfg = Release|Any CPU
		{CD9BB41C-58A8-4C3B-A3DD-C763FD8FF7C5}.Release|Any CPU.Build.0 = Release|Any CPU
		{6439E2BA-DE01-4AC0-9F0D-1754C1435687}.Debug|Any CPU.ActiveCfg = Debug|Any CPU
		{6439E2BA-DE01-4AC0-9F0D-1754C1435687}.Debug|Any CPU.Build.0 = Debug|Any CPU
		{6439E2BA-DE01-4AC0-9F0D-1754C1435687}.Release|Any CPU.ActiveCfg = Release|Any CPU
		{6439E2BA-DE01-4AC0-9F0D-1754C1435687}.Release|Any CPU.Build.0 = Release|Any CPU
		{2E1F66DE-956E-41FB-9034-DDA1CFA89EBD}.Debug|Any CPU.ActiveCfg = Debug|Any CPU
		{2E1F66DE-956E-41FB-9034-DDA1CFA89EBD}.Debug|Any CPU.Build.0 = Debug|Any CPU
		{2E1F66DE-956E-41FB-9034-DDA1CFA89EBD}.Release|Any CPU.ActiveCfg = Release|Any CPU
		{2E1F66DE-956E-41FB-9034-DDA1CFA89EBD}.Release|Any CPU.Build.0 = Release|Any CPU
		{93E5A031-CE91-412A-AD35-2D806804DE90}.Debug|Any CPU.ActiveCfg = Debug|Any CPU
		{93E5A031-CE91-412A-AD35-2D806804DE90}.Debug|Any CPU.Build.0 = Debug|Any CPU
		{93E5A031-CE91-412A-AD35-2D806804DE90}.Release|Any CPU.ActiveCfg = Release|Any CPU
		{93E5A031-CE91-412A-AD35-2D806804DE90}.Release|Any CPU.Build.0 = Release|Any CPU
		{DDE2EDFD-6E49-49D3-8D96-6CD01DEB08BB}.Debug|Any CPU.ActiveCfg = Debug|Any CPU
		{DDE2EDFD-6E49-49D3-8D96-6CD01DEB08BB}.Debug|Any CPU.Build.0 = Debug|Any CPU
		{DDE2EDFD-6E49-49D3-8D96-6CD01DEB08BB}.Release|Any CPU.ActiveCfg = Release|Any CPU
		{DDE2EDFD-6E49-49D3-8D96-6CD01DEB08BB}.Release|Any CPU.Build.0 = Release|Any CPU
	EndGlobalSection
	GlobalSection(SolutionProperties) = preSolution
		HideSolutionNode = FALSE
	EndGlobalSection
	GlobalSection(ExtensibilityGlobals) = postSolution
		SolutionGuid = {D4E9830F-8387-4499-89EC-0A7BD8DF1CA4}
	EndGlobalSection
EndGlobal
